
Microsoft Visual Studio Solution File, Format Version 12.00
# Visual Studio Version 17
VisualStudioVersion = 17.9.34714.143
MinimumVisualStudioVersion = 10.0.40219.1
Project("{FAE04EC0-301F-11D3-BF4B-00C04F79EFBC}") = "TechCareerMVCFinal", "TechCareerMVCFinal\TechCareerMVCFinal.csproj", "{F02F5541-0199-4F16-8823-2DB3428F7A04}"
EndProject
Global
	GlobalSection(SolutionConfigurationPlatforms) = preSolution
		Debug|Any CPU = Debug|Any CPU
		Release|Any CPU = Release|Any CPU
	EndGlobalSection
	GlobalSection(ProjectConfigurationPlatforms) = postSolution
		{F02F5541-0199-4F16-8823-2DB3428F7A04}.Debug|Any CPU.ActiveCfg = Debug|Any CPU
		{F02F5541-0199-4F16-8823-2DB3428F7A04}.Debug|Any CPU.Build.0 = Debug|Any CPU
		{F02F5541-0199-4F16-8823-2DB3428F7A04}.Release|Any CPU.ActiveCfg = Release|Any CPU
		{F02F5541-0199-4F16-8823-2DB3428F7A04}.Release|Any CPU.Build.0 = Release|Any CPU
	EndGlobalSection
	GlobalSection(SolutionProperties) = preSolution
		HideSolutionNode = FALSE
	EndGlobalSection
	GlobalSection(ExtensibilityGlobals) = postSolution
		SolutionGuid = {E169A41E-E9AD-4DE5-AA93-EF1F381FC0B6}
	EndGlobalSection
EndGlobal
